
Microsoft Visual Studio Solution File, Format Version 12.00
# Visual Studio Version 17
VisualStudioVersion = 17.3.32825.248
MinimumVisualStudioVersion = 10.0.40219.1
Project("{9A19103F-16F7-4668-BE54-9A1E7A4F7556}") = "MandatoryAssignment", "MandatoryAssignment\MandatoryAssignment.csproj", "{FCEA51DF-EFF1-461D-8858-E05ADC3BF9AB}"
EndProject
Project("{9A19103F-16F7-4668-BE54-9A1E7A4F7556}") = "MandatoryAssignmentTests", "MandatoryAssignmentTests\MandatoryAssignmentTests.csproj", "{93DB29E8-57F6-4832-B420-3BF1CA036006}"
EndProject
Project("{FAE04EC0-301F-11D3-BF4B-00C04F79EFBC}") = "FootballRESTService", "FootballRESTService\FootballRESTService.csproj", "{235BA725-DE31-4F9E-B6E4-933609513407}"
EndProject
Project("{FAE04EC0-301F-11D3-BF4B-00C04F79EFBC}") = "FootballRESTServiceTests", "FootballRESTServiceTests\FootballRESTServiceTests.csproj", "{029E8A62-82B8-4416-A894-6F34C08EA890}"
EndProject
Global
	GlobalSection(SolutionConfigurationPlatforms) = preSolution
		Debug|Any CPU = Debug|Any CPU
		Release|Any CPU = Release|Any CPU
	EndGlobalSection
	GlobalSection(ProjectConfigurationPlatforms) = postSolution
		{FCEA51DF-EFF1-461D-8858-E05ADC3BF9AB}.Debug|Any CPU.ActiveCfg = Debug|Any CPU
		{FCEA51DF-EFF1-461D-8858-E05ADC3BF9AB}.Debug|Any CPU.Build.0 = Debug|Any CPU
		{FCEA51DF-EFF1-461D-8858-E05ADC3BF9AB}.Release|Any CPU.ActiveCfg = Release|Any CPU
		{FCEA51DF-EFF1-461D-8858-E05ADC3BF9AB}.Release|Any CPU.Build.0 = Release|Any CPU
		{93DB29E8-57F6-4832-B420-3BF1CA036006}.Debug|Any CPU.ActiveCfg = Debug|Any CPU
		{93DB29E8-57F6-4832-B420-3BF1CA036006}.Debug|Any CPU.Build.0 = Debug|Any CPU
		{93DB29E8-57F6-4832-B420-3BF1CA036006}.Release|Any CPU.ActiveCfg = Release|Any CPU
		{93DB29E8-57F6-4832-B420-3BF1CA036006}.Release|Any CPU.Build.0 = Release|Any CPU
		{235BA725-DE31-4F9E-B6E4-933609513407}.Debug|Any CPU.ActiveCfg = Debug|Any CPU
		{235BA725-DE31-4F9E-B6E4-933609513407}.Debug|Any CPU.Build.0 = Debug|Any CPU
		{235BA725-DE31-4F9E-B6E4-933609513407}.Release|Any CPU.ActiveCfg = Release|Any CPU
		{235BA725-DE31-4F9E-B6E4-933609513407}.Release|Any CPU.Build.0 = Release|Any CPU
		{029E8A62-82B8-4416-A894-6F34C08EA890}.Debug|Any CPU.ActiveCfg = Debug|Any CPU
		{029E8A62-82B8-4416-A894-6F34C08EA890}.Debug|Any CPU.Build.0 = Debug|Any CPU
		{029E8A62-82B8-4416-A894-6F34C08EA890}.Release|Any CPU.ActiveCfg = Release|Any CPU
		{029E8A62-82B8-4416-A894-6F34C08EA890}.Release|Any CPU.Build.0 = Release|Any CPU
	EndGlobalSection
	GlobalSection(SolutionProperties) = preSolution
		HideSolutionNode = FALSE
	EndGlobalSection
	GlobalSection(ExtensibilityGlobals) = postSolution
		SolutionGuid = {5D5238F8-C884-49A9-90E4-DE25303E6CBE}
	EndGlobalSection
EndGlobal
